
Microsoft Visual Studio Solution File, Format Version 12.00
# Visual Studio Version 17
VisualStudioVersion = 17.10.35013.160
MinimumVisualStudioVersion = 10.0.40219.1
Project("{FAE04EC0-301F-11D3-BF4B-00C04F79EFBC}") = "ExamSys", "ExamSys\ExamSys.csproj", "{4A6944FE-C85B-4508-B5DD-28AC785CB59F}"
EndProject
Global
	GlobalSection(SolutionConfigurationPlatforms) = preSolution
		Debug|Any CPU = Debug|Any CPU
		Release|Any CPU = Release|Any CPU
	EndGlobalSection
	GlobalSection(ProjectConfigurationPlatforms) = postSolution
		{4A6944FE-C85B-4508-B5DD-28AC785CB59F}.Debug|Any CPU.ActiveCfg = Debug|Any CPU
		{4A6944FE-C85B-4508-B5DD-28AC785CB59F}.Debug|Any CPU.Build.0 = Debug|Any CPU
		{4A6944FE-C85B-4508-B5DD-28AC785CB59F}.Release|Any CPU.ActiveCfg = Release|Any CPU
		{4A6944FE-C85B-4508-B5DD-28AC785CB59F}.Release|Any CPU.Build.0 = Release|Any CPU
	EndGlobalSection
	GlobalSection(SolutionProperties) = preSolution
		HideSolutionNode = FALSE
	EndGlobalSection
	GlobalSection(ExtensibilityGlobals) = postSolution
		SolutionGuid = {1739D368-049F-47F1-9135-5CA270C03E88}
	EndGlobalSection
EndGlobal
